{
  "name": "hello-api-nodejs",
  "version": "0.2.1",
  "lockfileVersion": 1,
  "dependencies": {
    "@commercetools/api-request-builder": {
      "version": "3.1.1",
      "resolved": "https://registry.npmjs.org/@commercetools/api-request-builder/-/api-request-builder-3.1.1.tgz",
      "integrity": "sha1-bMZKy0+/aYcqvSq7yNRDRjSLBuM="
    },
    "@commercetools/sdk-client": {
      "version": "https://registry.npmjs.org/@commercetools/sdk-client/-/sdk-client-1.4.0.tgz",
      "integrity": "sha1-O8/KeLtoYSeEwv9DGi2M/NrnfuE="
    },
    "@commercetools/sdk-middleware-auth": {
      "version": "https://registry.npmjs.org/@commercetools/sdk-middleware-auth/-/sdk-middleware-auth-3.1.0.tgz",
      "integrity": "sha1-ry6BbYRM+ByiuZs8NMfs2bUlPaA="
    },
    "@commercetools/sdk-middleware-http": {
      "version": "https://registry.npmjs.org/@commercetools/sdk-middleware-http/-/sdk-middleware-http-2.1.1.tgz",
      "integrity": "sha1-0KQ4XDNTFSbHGCBZkI8i7Y+a5OQ="
    },
    "encoding": {
      "version": "https://registry.npmjs.org/encoding/-/encoding-0.1.12.tgz",
      "integrity": "sha1-U4tm8+5izRq1HsMjgp0flIDHS+s="
    },
    "iconv-lite": {
      "version": "https://registry.npmjs.org/iconv-lite/-/iconv-lite-0.4.17.tgz",
      "integrity": "sha1-T9qjs4rLwsAxsEXQ7c3+HsqxjI0="
    },
    "is-stream": {
      "version": "https://registry.npmjs.org/is-stream/-/is-stream-1.1.0.tgz",
      "integrity": "sha1-EtSj3U5o4Lec6428hBc66A2RykQ="
    },
    "isomorphic-fetch": {
      "version": "https://registry.npmjs.org/isomorphic-fetch/-/isomorphic-fetch-2.2.1.tgz",
      "integrity": "sha1-YRrhrPFPXoH3KVB0coGf6XM1WKk="
    },
    "node-fetch": {
      "version": "https://registry.npmjs.org/node-fetch/-/node-fetch-1.7.0.tgz",
      "integrity": "sha1-P/bFZUT5t/sAaCM4u1Xub1SooO8="
    },
    "whatwg-fetch": {
      "version": "https://registry.npmjs.org/whatwg-fetch/-/whatwg-fetch-2.0.3.tgz",
      "integrity": "sha1-nITsLc9oGH/wC8ZOEnS0QhduHIQ="
    }
  }
}
